// !$*UTF8*$!
{
	archiveVersion = 1;
	classes = {
	};
	objectVersion = 46;
	objects = {

/* Begin PBXBuildFile section */
		B5DF39A91673ADA700897027 /* InfoPlist.strings in Resources */ = {isa = PBXBuildFile; fileRef = B5DF39A71673ADA700897027 /* InfoPlist.strings */; };
		B5DF39AB1673ADA700897027 /* main.m in Sources */ = {isa = PBXBuildFile; fileRef = B5DF39AA1673ADA700897027 /* main.m */; };
		B5DF39AF1673ADA700897027 /* KSAppDelegate.m in Sources */ = {isa = PBXBuildFile; fileRef = B5DF39AE1673ADA700897027 /* KSAppDelegate.m */; };
		B5DF39B11673ADA800897027 /* Default.png in Resources */ = {isa = PBXBuildFile; fileRef = B5DF39B01673ADA700897027 /* Default.png */; };
		B5DF39B31673ADA800897027 /* Default@2x.png in Resources */ = {isa = PBXBuildFile; fileRef = B5DF39B21673ADA800897027 /* Default@2x.png */; };
		B5DF39B51673ADA800897027 /* Default-568h@2x.png in Resources */ = {isa = PBXBuildFile; fileRef = B5DF39B41673ADA800897027 /* Default-568h@2x.png */; };
		B5DF39BA1673ADC600897027 /* UIKit.framework in Frameworks */ = {isa = PBXBuildFile; fileRef = B5DF39B91673ADC600897027 /* UIKit.framework */; };
		B5DF39BC1673ADCF00897027 /* Foundation.framework in Frameworks */ = {isa = PBXBuildFile; fileRef = B5DF39BB1673ADCE00897027 /* Foundation.framework */; };
		B5DF39BE1673ADD600897027 /* CoreGraphics.framework in Frameworks */ = {isa = PBXBuildFile; fileRef = B5DF39BD1673ADD600897027 /* CoreGraphics.framework */; };
/* End PBXBuildFile section */

/* Begin PBXFileReference section */
		B5DF3994167386BC00897027 /* KSCustomSegmentedControl.h */ = {isa = PBXFileReference; lastKnownFileType = sourcecode.c.h; path = KSCustomSegmentedControl.h; sourceTree = "<group>"; };
		B5DF3995167386BC00897027 /* KSCustomSegmentedControl.m */ = {isa = PBXFileReference; lastKnownFileType = sourcecode.c.objc; path = KSCustomSegmentedControl.m; sourceTree = "<group>"; };
		B5DF399A1673ADA700897027 /* KSCustomGraphicsUtils.app */ = {isa = PBXFileReference; explicitFileType = wrapper.application; includeInIndex = 0; path = KSCustomGraphicsUtils.app; sourceTree = BUILT_PRODUCTS_DIR; };
		B5DF39A61673ADA700897027 /* KSCustomGraphicsUtils-Info.plist */ = {isa = PBXFileReference; lastKnownFileType = text.plist.xml; path = "KSCustomGraphicsUtils-Info.plist"; sourceTree = "<group>"; };
		B5DF39A81673ADA700897027 /* en */ = {isa = PBXFileReference; lastKnownFileType = text.plist.strings; name = en; path = en.lproj/InfoPlist.strings; sourceTree = "<group>"; };
		B5DF39AA1673ADA700897027 /* main.m */ = {isa = PBXFileReference; lastKnownFileType = sourcecode.c.objc; path = main.m; sourceTree = "<group>"; };
		B5DF39AC1673ADA700897027 /* KSCustomGraphicsUtils-Prefix.pch */ = {isa = PBXFileReference; lastKnownFileType = sourcecode.c.h; path = "KSCustomGraphicsUtils-Prefix.pch"; sourceTree = "<group>"; };
		B5DF39AD1673ADA700897027 /* KSAppDelegate.h */ = {isa = PBXFileReference; lastKnownFileType = sourcecode.c.h; path = KSAppDelegate.h; sourceTree = "<group>"; };
		B5DF39AE1673ADA700897027 /* KSAppDelegate.m */ = {isa = PBXFileReference; lastKnownFileType = sourcecode.c.objc; path = KSAppDelegate.m; sourceTree = "<group>"; };
		B5DF39B01673ADA700897027 /* Default.png */ = {isa = PBXFileReference; lastKnownFileType = image.png; path = Default.png; sourceTree = "<group>"; };
		B5DF39B21673ADA800897027 /* Default@2x.png */ = {isa = PBXFileReference; lastKnownFileType = image.png; path = "Default@2x.png"; sourceTree = "<group>"; };
		B5DF39B41673ADA800897027 /* Default-568h@2x.png */ = {isa = PBXFileReference; lastKnownFileType = image.png; path = "Default-568h@2x.png"; sourceTree = "<group>"; };
		B5DF39B91673ADC600897027 /* UIKit.framework */ = {isa = PBXFileReference; lastKnownFileType = wrapper.framework; name = UIKit.framework; path = Platforms/iPhoneOS.platform/Developer/SDKs/iPhoneOS6.0.sdk/System/Library/Frameworks/UIKit.framework; sourceTree = DEVELOPER_DIR; };
		B5DF39BB1673ADCE00897027 /* Foundation.framework */ = {isa = PBXFileReference; lastKnownFileType = wrapper.framework; name = Foundation.framework; path = Platforms/iPhoneOS.platform/Developer/SDKs/iPhoneOS6.0.sdk/System/Library/Frameworks/Foundation.framework; sourceTree = DEVELOPER_DIR; };
		B5DF39BD1673ADD600897027 /* CoreGraphics.framework */ = {isa = PBXFileReference; lastKnownFileType = wrapper.framework; name = CoreGraphics.framework; path = Platforms/iPhoneOS.platform/Developer/SDKs/iPhoneOS6.0.sdk/System/Library/Frameworks/CoreGraphics.framework; sourceTree = DEVELOPER_DIR; };
/* End PBXFileReference section */

/* Begin PBXFrameworksBuildPhase section */
		B5DF39971673ADA700897027 /* Frameworks */ = {
			isa = PBXFrameworksBuildPhase;
			buildActionMask = 2147483647;
			files = (
				B5DF39BE1673ADD600897027 /* CoreGraphics.framework in Frameworks */,
				B5DF39BC1673ADCF00897027 /* Foundation.framework in Frameworks */,
				B5DF39BA1673ADC600897027 /* UIKit.framework in Frameworks */,
			);
			runOnlyForDeploymentPostprocessing = 0;
		};
/* End PBXFrameworksBuildPhase section */

/* Begin PBXGroup section */
		B5DF398A1673862700897027 = {
			isa = PBXGroup;
			children = (
				B5DF39931673869D00897027 /* KSCustomSegmentedControl */,
				B5DF39A41673ADA700897027 /* KSCustomGraphicsUtils */,
				B5DF399D1673ADA700897027 /* Frameworks */,
				B5DF399B1673ADA700897027 /* Products */,
			);
			sourceTree = "<group>";
		};
		B5DF39931673869D00897027 /* KSCustomSegmentedControl */ = {
			isa = PBXGroup;
			children = (
				B5DF3994167386BC00897027 /* KSCustomSegmentedControl.h */,
				B5DF3995167386BC00897027 /* KSCustomSegmentedControl.m */,
			);
			path = KSCustomSegmentedControl;
			sourceTree = "<group>";
		};
		B5DF399B1673ADA700897027 /* Products */ = {
			isa = PBXGroup;
			children = (
				B5DF399A1673ADA700897027 /* KSCustomGraphicsUtils.app */,
			);
			name = Products;
			sourceTree = "<group>";
		};
		B5DF399D1673ADA700897027 /* Frameworks */ = {
			isa = PBXGroup;
			children = (
				B5DF39BD1673ADD600897027 /* CoreGraphics.framework */,
				B5DF39BB1673ADCE00897027 /* Foundation.framework */,
				B5DF39B91673ADC600897027 /* UIKit.framework */,
			);
			name = Frameworks;
			sourceTree = "<group>";
		};
		B5DF39A41673ADA700897027 /* KSCustomGraphicsUtils */ = {
			isa = PBXGroup;
			children = (
				B5DF39AD1673ADA700897027 /* KSAppDelegate.h */,
				B5DF39AE1673ADA700897027 /* KSAppDelegate.m */,
				B5DF39A51673ADA700897027 /* Supporting Files */,
			);
			path = KSCustomGraphicsUtils;
			sourceTree = "<group>";
		};
		B5DF39A51673ADA700897027 /* Supporting Files */ = {
			isa = PBXGroup;
			children = (
				B5DF39A61673ADA700897027 /* KSCustomGraphicsUtils-Info.plist */,
				B5DF39A71673ADA700897027 /* InfoPlist.strings */,
				B5DF39AA1673ADA700897027 /* main.m */,
				B5DF39AC1673ADA700897027 /* KSCustomGraphicsUtils-Prefix.pch */,
				B5DF39B01673ADA700897027 /* Default.png */,
				B5DF39B21673ADA800897027 /* Default@2x.png */,
				B5DF39B41673ADA800897027 /* Default-568h@2x.png */,
			);
			name = "Supporting Files";
			sourceTree = "<group>";
		};
/* End PBXGroup section */

/* Begin PBXNativeTarget section */
		B5DF39991673ADA700897027 /* KSCustomGraphicsUtils */ = {
			isa = PBXNativeTarget;
			buildConfigurationList = B5DF39B61673ADA800897027 /* Build configuration list for PBXNativeTarget "KSCustomGraphicsUtils" */;
			buildPhases = (
				B5DF39961673ADA700897027 /* Sources */,
				B5DF39971673ADA700897027 /* Frameworks */,
				B5DF39981673ADA700897027 /* Resources */,
			);
			buildRules = (
			);
			dependencies = (
			);
			name = KSCustomGraphicsUtils;
			productName = KSCustomGraphicsUtils;
			productReference = B5DF399A1673ADA700897027 /* KSCustomGraphicsUtils.app */;
			productType = "com.apple.product-type.application";
		};
/* End PBXNativeTarget section */

/* Begin PBXProject section */
		B5DF398C1673862700897027 /* Project object */ = {
			isa = PBXProject;
			attributes = {
				LastUpgradeCheck = 0450;
			};
			buildConfigurationList = B5DF398F1673862700897027 /* Build configuration list for PBXProject "KSCustomGraphicsUtils" */;
			compatibilityVersion = "Xcode 3.2";
			developmentRegion = English;
			hasScannedForEncodings = 0;
			knownRegions = (
				en,
			);
			mainGroup = B5DF398A1673862700897027;
			productRefGroup = B5DF399B1673ADA700897027 /* Products */;
			projectDirPath = "";
			projectRoot = "";
			targets = (
				B5DF39991673ADA700897027 /* KSCustomGraphicsUtils */,
			);
		};
/* End PBXProject section */

/* Begin PBXResourcesBuildPhase section */
		B5DF39981673ADA700897027 /* Resources */ = {
			isa = PBXResourcesBuildPhase;
			buildActionMask = 2147483647;
			files = (
				B5DF39A91673ADA700897027 /* InfoPlist.strings in Resources */,
				B5DF39B11673ADA800897027 /* Default.png in Resources */,
				B5DF39B31673ADA800897027 /* Default@2x.png in Resources */,
				B5DF39B51673ADA800897027 /* Default-568h@2x.png in Resources */,
			);
			runOnlyForDeploymentPostprocessing = 0;
		};
/* End PBXResourcesBuildPhase section */

/* Begin PBXSourcesBuildPhase section */
		B5DF39961673ADA700897027 /* Sources */ = {
			isa = PBXSourcesBuildPhase;
			buildActionMask = 2147483647;
			files = (
				B5DF39AB1673ADA700897027 /* main.m in Sources */,
				B5DF39AF1673ADA700897027 /* KSAppDelegate.m in Sources */,
			);
			runOnlyForDeploymentPostprocessing = 0;
		};
/* End PBXSourcesBuildPhase section */

/* Begin PBXVariantGroup section */
		B5DF39A71673ADA700897027 /* InfoPlist.strings */ = {
			isa = PBXVariantGroup;
			children = (
				B5DF39A81673ADA700897027 /* en */,
			);
			name = InfoPlist.strings;
			sourceTree = "<group>";
		};
/* End PBXVariantGroup section */

/* Begin XCBuildConfiguration section */
		B5DF39911673862700897027 /* Debug */ = {
			isa = XCBuildConfiguration;
			buildSettings = {
			};
			name = Debug;
		};
		B5DF39921673862700897027 /* Release */ = {
			isa = XCBuildConfiguration;
			buildSettings = {
			};
			name = Release;
		};
		B5DF39B71673ADA800897027 /* Debug */ = {
			isa = XCBuildConfiguration;
			buildSettings = {
				ALWAYS_SEARCH_USER_PATHS = NO;
				CLANG_CXX_LANGUAGE_STANDARD = "gnu++0x";
				CLANG_CXX_LIBRARY = "libc++";
				CLANG_ENABLE_OBJC_ARC = YES;
				CLANG_WARN_EMPTY_BODY = YES;
				CLANG_WARN__DUPLICATE_METHOD_MATCH = YES;
				"CODE_SIGN_IDENTITY[sdk=iphoneos*]" = "iPhone Developer";
				COPY_PHASE_STRIP = NO;
				FRAMEWORK_SEARCH_PATHS = (
					"$(inherited)",
					"\"$(SYSTEM_APPS_DIR)/Xcode.app/Contents/Developer/Library/Frameworks\"",
				);
				GCC_C_LANGUAGE_STANDARD = gnu99;
				GCC_DYNAMIC_NO_PIC = NO;
				GCC_OPTIMIZATION_LEVEL = 0;
				GCC_PRECOMPILE_PREFIX_HEADER = YES;
				GCC_PREFIX_HEADER = "KSCustomGraphicsUtils/KSCustomGraphicsUtils-Prefix.pch";
				GCC_PREPROCESSOR_DEFINITIONS = (
					"DEBUG=1",
					"$(inherited)",
				);
				GCC_SYMBOLS_PRIVATE_EXTERN = NO;
				GCC_WARN_ABOUT_RETURN_TYPE = YES;
				GCC_WARN_UNINITIALIZED_AUTOS = YES;
				GCC_WARN_UNUSED_VARIABLE = YES;
				INFOPLIST_FILE = "KSCustomGraphicsUtils/KSCustomGraphicsUtils-Info.plist";
				IPHONEOS_DEPLOYMENT_TARGET = 5.0;
				ONLY_ACTIVE_ARCH = YES;
				PRODUCT_NAME = "$(TARGET_NAME)";
				SDKROOT = iphoneos;
				TARGETED_DEVICE_FAMILY = "1,2";
				WRAPPER_EXTENSION = app;
			};
			name = Debug;
		};
		B5DF39B81673ADA800897027 /* Release */ = {
			isa = XCBuildConfiguration;
			buildSettings = {
				ALWAYS_SEARCH_USER_PATHS = NO;
				CLANG_CXX_LANGUAGE_STANDARD = "gnu++0x";
				CLANG_CXX_LIBRARY = "libc++";
				CLANG_ENABLE_OBJC_ARC = YES;
				CLANG_WARN_EMPTY_BODY = YES;
				CLANG_WARN__DUPLICATE_METHOD_MATCH = YES;
				"CODE_SIGN_IDENTITY[sdk=iphoneos*]" = "iPhone Developer";
				COPY_PHASE_STRIP = YES;
				FRAMEWORK_SEARCH_PATHS = (
					"$(inherited)",
					"\"$(SYSTEM_APPS_DIR)/Xcode.app/Contents/Developer/Library/Frameworks\"",
				);
				GCC_C_LANGUAGE_STANDARD = gnu99;
				GCC_PRECOMPILE_PREFIX_HEADER = YES;
				GCC_PREFIX_HEADER = "KSCustomGraphicsUtils/KSCustomGraphicsUtils-Prefix.pch";
				GCC_WARN_ABOUT_RETURN_TYPE = YES;
				GCC_WARN_UNINITIALIZED_AUTOS = YES;
				GCC_WARN_UNUSED_VARIABLE = YES;
				INFOPLIST_FILE = "KSCustomGraphicsUtils/KSCustomGraphicsUtils-Info.plist";
				IPHONEOS_DEPLOYMENT_TARGET = 5.0;
				OTHER_CFLAGS = "-DNS_BLOCK_ASSERTIONS=1";
				PRODUCT_NAME = "$(TARGET_NAME)";
				SDKROOT = iphoneos;
				TARGETED_DEVICE_FAMILY = "1,2";
				VALIDATE_PRODUCT = YES;
				WRAPPER_EXTENSION = app;
			};
			name = Release;
		};
/* End XCBuildConfiguration section */

/* Begin XCConfigurationList section */
		B5DF398F1673862700897027 /* Build configuration list for PBXProject "KSCustomGraphicsUtils" */ = {
			isa = XCConfigurationList;
			buildConfigurations = (
				B5DF39911673862700897027 /* Debug */,
				B5DF39921673862700897027 /* Release */,
			);
			defaultConfigurationIsVisible = 0;
			defaultConfigurationName = Release;
		};
		B5DF39B61673ADA800897027 /* Build configuration list for PBXNativeTarget "KSCustomGraphicsUtils" */ = {
			isa = XCConfigurationList;
			buildConfigurations = (
				B5DF39B71673ADA800897027 /* Debug */,
				B5DF39B81673ADA800897027 /* Release */,
			);
			defaultConfigurationIsVisible = 0;
		};
/* End XCConfigurationList section */
	};
	rootObject = B5DF398C1673862700897027 /* Project object */;
}
