// !$*UTF8*$!
{
	archiveVersion = 1;
	classes = {
	};
	objectVersion = 46;
	objects = {

/* Begin PBXFileReference section */
		B5DF3994167386BC00897027 /* KSCustomSegmentedControl.h */ = {isa = PBXFileReference; lastKnownFileType = sourcecode.c.h; path = KSCustomSegmentedControl.h; sourceTree = "<group>"; };
		B5DF3995167386BC00897027 /* KSCustomSegmentedControl.m */ = {isa = PBXFileReference; lastKnownFileType = sourcecode.c.objc; path = KSCustomSegmentedControl.m; sourceTree = "<group>"; };
/* End PBXFileReference section */

/* Begin PBXGroup section */
		B5DF398A1673862700897027 = {
			isa = PBXGroup;
			children = (
				B5DF39931673869D00897027 /* KSCustomSegmentedControl */,
			);
			sourceTree = "<group>";
		};
		B5DF39931673869D00897027 /* KSCustomSegmentedControl */ = {
			isa = PBXGroup;
			children = (
				B5DF3994167386BC00897027 /* KSCustomSegmentedControl.h */,
				B5DF3995167386BC00897027 /* KSCustomSegmentedControl.m */,
			);
			path = KSCustomSegmentedControl;
			sourceTree = "<group>";
		};
/* End PBXGroup section */

/* Begin PBXProject section */
		B5DF398C1673862700897027 /* Project object */ = {
			isa = PBXProject;
			attributes = {
				LastUpgradeCheck = 0450;
			};
			buildConfigurationList = B5DF398F1673862700897027 /* Build configuration list for PBXProject "KSCustomGraphicsUtils" */;
			compatibilityVersion = "Xcode 3.2";
			developmentRegion = English;
			hasScannedForEncodings = 0;
			knownRegions = (
				en,
			);
			mainGroup = B5DF398A1673862700897027;
			projectDirPath = "";
			projectRoot = "";
			targets = (
			);
		};
/* End PBXProject section */

/* Begin XCBuildConfiguration section */
		B5DF39911673862700897027 /* Debug */ = {
			isa = XCBuildConfiguration;
			buildSettings = {
			};
			name = Debug;
		};
		B5DF39921673862700897027 /* Release */ = {
			isa = XCBuildConfiguration;
			buildSettings = {
			};
			name = Release;
		};
/* End XCBuildConfiguration section */

/* Begin XCConfigurationList section */
		B5DF398F1673862700897027 /* Build configuration list for PBXProject "KSCustomGraphicsUtils" */ = {
			isa = XCConfigurationList;
			buildConfigurations = (
				B5DF39911673862700897027 /* Debug */,
				B5DF39921673862700897027 /* Release */,
			);
			defaultConfigurationIsVisible = 0;
			defaultConfigurationName = Release;
		};
/* End XCConfigurationList section */
	};
	rootObject = B5DF398C1673862700897027 /* Project object */;
}
